{
  "name": "next-babylonjs",
  "version": "0.1.0",
  "lockfileVersion": 2,
  "requires": true,
  "packages": {
    "": {
      "version": "0.1.0",
      "dependencies": {
        "@babylonjs/core": "^4.2.0",
        "@babylonjs/gui": "^4.2.0",
        "@babylonjs/inspector": "^4.2.0",
        "@babylonjs/loaders": "^4.2.0",
        "@react-spring/addons": "^9.0.0-beta.33",
        "@react-spring/animated": "^9.0.0-beta.33",
        "@react-spring/core": "^9.0.0-beta.33",
        "@react-spring/shared": "^9.0.0-beta.33",
        "next": "12.3.3",
        "next-transpile-modules": "9.0.0",
        "react": "17.0.2",
        "react-babylonjs": "2.3.2",
        "react-dom": "17.0.2",
        "react-reconciler": "^0.26.1"
      },
      "devDependencies": {
        "@types/node": "^14.14.10",
        "@types/react": "^17.0.0",
        "typescript": "4.3.2"
      }
    },
    "node_modules/@babel/runtime": {
      "version": "7.15.3",
      "resolved": "https://registry.npmjs.org/@babel/runtime/-/runtime-7.15.3.tgz",
      "integrity": "sha512-OvwMLqNXkCXSz1kSm58sEsNuhqOx/fKpnUnKnFB5v8uDda5bLNEHNgKPvhDN6IU0LDcnHQ90LlJ0Q6jnyBSIBA==",
      "dependencies": {
        "regenerator-runtime": "^0.13.4"
      },
      "engines": {
        "node": ">=6.9.0"
      }
    },
    "node_modules/@babylonjs/core": {
      "version": "4.2.0",
      "resolved": "https://registry.npmjs.org/@babylonjs/core/-/core-4.2.0.tgz",
      "integrity": "sha512-sZQigPvMDc0pcgwlKvTF5gsMzGwT8gelQIOyxELrohdFu12pHGhIr61+yVxxq9tpCdzyYD9kS8LM0w2y+5ypkg==",
      "dependencies": {
        "tslib": ">=1.10.0"
      },
      "engines": {
        "node": "*"
      }
    },
    "node_modules/@babylonjs/gui": {
      "version": "4.2.0",
      "resolved": "https://registry.npmjs.org/@babylonjs/gui/-/gui-4.2.0.tgz",
      "integrity": "sha512-AQnqwFDmQ05FAw4B0BPVUFqWgdSKVI23qVHm/uOOMBQhMo8+WE2pTNATm6Qw/HDVLCp5qUjwIij/3JtG5s0fBw==",
      "dependencies": {
        "@babylonjs/core": "4.2.0",
        "tslib": ">=1.10.0"
      },
      "engines": {
        "node": "*"
      }
    },
    "node_modules/@babylonjs/inspector": {
      "version": "4.2.0",
      "resolved": "https://registry.npmjs.org/@babylonjs/inspector/-/inspector-4.2.0.tgz",
      "integrity": "sha512-fT4pKybrZyt2s0Gewu14KZMYer8AUXJ1aasyhZaNSgsNaq+oSoy7D5ljvxZK9Us0BzZerEFzFWOYaL0mwcbpZA==",
      "dependencies": {
        "@babylonjs/core": "4.2.0",
        "@babylonjs/gui": "4.2.0",
        "@babylonjs/loaders": "4.2.0",
        "@babylonjs/materials": "4.2.0",
        "@babylonjs/serializers": "4.2.0",
        "babylonjs-gltf2interface": "4.2.0",
        "tslib": ">=1.10.0"
      },
      "engines": {
        "node": "*"
      },
      "peerDependencies": {
        "@types/react": ">=16.7.3",
        "@types/react-dom": ">=16.0.9"
      }
    },
    "node_modules/@babylonjs/loaders": {
      "version": "4.2.0",
      "resolved": "https://registry.npmjs.org/@babylonjs/loaders/-/loaders-4.2.0.tgz",
      "integrity": "sha512-feCmp4I+suBNLko3wGFNZpDg1Bqt9NxEuhKZ+epmaIWSqKEQAMhDvdehcq9vETTVKULkzRGZdDrZmEX0weG80g==",
      "dependencies": {
        "@babylonjs/core": "4.2.0",
        "babylonjs-gltf2interface": "4.2.0",
        "tslib": ">=1.10.0"
      },
      "engines": {
        "node": "*"
      }
    },
    "node_modules/@babylonjs/materials": {
      "version": "4.2.0",
      "resolved": "https://registry.npmjs.org/@babylonjs/materials/-/materials-4.2.0.tgz",
      "integrity": "sha512-YoetSvjpilw39W99RyiZLxZy2Zy3baRckDlv/om/0qFmFK7mWsXfoqp5nBecf8bItyuvPgtfJNZwBe669/j2qw==",
      "dependencies": {
        "@babylonjs/core": "4.2.0",
        "tslib": ">=1.10.0"
      },
      "engines": {
        "node": "*"
      }
    },
    "node_modules/@babylonjs/serializers": {
      "version": "4.2.0",
      "resolved": "https://registry.npmjs.org/@babylonjs/serializers/-/serializers-4.2.0.tgz",
      "integrity": "sha512-VY5SONQaBSMusgNIwNz2k9L+YJK6oeJWLlQUdWvjszXp6/WVELh072S2gpMN0WX7mVonbCdcqXhJrKZgMV6t+g==",
      "dependencies": {
        "@babylonjs/core": "4.2.0",
        "babylonjs-gltf2interface": "4.2.0",
        "tslib": ">=1.10.0"
      },
      "engines": {
        "node": "*"
      }
    },
    "node_modules/@next/env": {
      "version": "12.3.3",
      "resolved": "https://registry.npmjs.org/@next/env/-/env-12.3.3.tgz",
      "integrity": "sha512-H2pKuOasV9RgvVaWosB2rGSNeQShQpiDaF4EEjLyagIc3HwqdOw2/VAG/8Lq+adOwPv2P73O1hulTNad3k5MDw=="
    },
    "node_modules/@next/swc-android-arm-eabi": {
      "version": "12.3.3",
      "resolved": "https://registry.npmjs.org/@next/swc-android-arm-eabi/-/swc-android-arm-eabi-12.3.3.tgz",
      "integrity": "sha512-5O/ZIX6hlIRGMy1R2f/8WiCZ4Hp4WTC0FcTuz8ycQ28j/mzDnmzjVoayVVr+ZmfEKQayFrRu+vxHjFyY0JGQlQ==",
      "cpu": [
        "arm"
      ],
      "optional": true,
      "os": [
        "android"
      ],
      "engines": {
        "node": ">= 10"
      }
    },
    "node_modules/@next/swc-android-arm64": {
      "version": "12.3.3",
      "resolved": "https://registry.npmjs.org/@next/swc-android-arm64/-/swc-android-arm64-12.3.3.tgz",
      "integrity": "sha512-2QWreRmlxYRDtnLYn+BI8oukHwcP7W0zGIY5R2mEXRjI4ARqCLdu8RmcT9Vemw7RfeAVKA/4cv/9PY0pCcQpNA==",
      "cpu": [
        "arm64"
      ],
      "optional": true,
      "os": [
        "android"
      ],
      "engines": {
        "node": ">= 10"
      }
    },
    "node_modules/@next/swc-darwin-arm64": {
      "version": "12.3.3",
      "resolved": "https://registry.npmjs.org/@next/swc-darwin-arm64/-/swc-darwin-arm64-12.3.3.tgz",
      "integrity": "sha512-GtZdDLerM+VToCMFp+W+WhnT6sxHePQH4xZZiYD/Y8KFiwHbDRcJr2FPG0bAJnGNiSvv/QQnBq74wjZ9+7vhcQ==",
      "cpu": [
        "arm64"
      ],
      "optional": true,
      "os": [
        "darwin"
      ],
      "engines": {
        "node": ">= 10"
      }
    },
    "node_modules/@next/swc-darwin-x64": {
      "version": "12.3.3",
      "resolved": "https://registry.npmjs.org/@next/swc-darwin-x64/-/swc-darwin-x64-12.3.3.tgz",
      "integrity": "sha512-gRYvTKrRYynjFQUDJ+upHMcBiNz0ii0m7zGgmUTlTSmrBWqVSzx79EHYT7Nn4GWHM+a/W+2VXfu+lqHcJeQ9gQ==",
      "cpu": [
        "x64"
      ],
      "optional": true,
      "os": [
        "darwin"
      ],
      "engines": {
        "node": ">= 10"
      }
    },
    "node_modules/@next/swc-freebsd-x64": {
      "version": "12.3.3",
      "resolved": "https://registry.npmjs.org/@next/swc-freebsd-x64/-/swc-freebsd-x64-12.3.3.tgz",
      "integrity": "sha512-r+GLATzCjjQI82bgrIPXWEYBwZonSO64OThk5wU6HduZlDYTEDxZsFNoNoesCDWCgRrgg+OXj7WLNy1WlvfX7w==",
      "cpu": [
        "x64"
      ],
      "optional": true,
      "os": [
        "freebsd"
      ],
      "engines": {
        "node": ">= 10"
      }
    },
    "node_modules/@next/swc-linux-arm-gnueabihf": {
      "version": "12.3.3",
      "resolved": "https://registry.npmjs.org/@next/swc-linux-arm-gnueabihf/-/swc-linux-arm-gnueabihf-12.3.3.tgz",
      "integrity": "sha512-juvRj1QX9jmQScL4nV0rROtYUFgWP76zfdn1fdfZ2BhvwUugIAq8x+jLVGlnXKUhDrP9+RrAufqXjjVkK+uBxA==",
      "cpu": [
        "arm"
      ],
      "optional": true,
      "os": [
        "linux"
      ],
      "engines": {
        "node": ">= 10"
      }
    },
    "node_modules/@next/swc-linux-arm64-gnu": {
      "version": "12.3.3",
      "resolved": "https://registry.npmjs.org/@next/swc-linux-arm64-gnu/-/swc-linux-arm64-gnu-12.3.3.tgz",
      "integrity": "sha512-hzinybStPB+SzS68hR5rzOngOH7Yd/jFuWGeg9qS5WifYXHpqwGH2BQeKpjVV0iJuyO9r309JKrRWMrbfhnuBA==",
      "cpu": [
        "arm64"
      ],
      "optional": true,
      "os": [
        "linux"
      ],
      "engines": {
        "node": ">= 10"
      }
    },
    "node_modules/@next/swc-linux-arm64-musl": {
      "version": "12.3.3",
      "resolved": "https://registry.npmjs.org/@next/swc-linux-arm64-musl/-/swc-linux-arm64-musl-12.3.3.tgz",
      "integrity": "sha512-oyfQYljCwf+9zUu1YkTZbRbyxmcHzvJPMGOxC3kJOReh3kCUoGcmvAxUPMtFD6FSYjJ+eaog4+2IFHtYuAw/bQ==",
      "cpu": [
        "arm64"
      ],
      "optional": true,
      "os": [
        "linux"
      ],
      "engines": {
        "node": ">= 10"
      }
    },
    "node_modules/@next/swc-linux-x64-gnu": {
      "version": "12.3.3",
      "resolved": "https://registry.npmjs.org/@next/swc-linux-x64-gnu/-/swc-linux-x64-gnu-12.3.3.tgz",
      "integrity": "sha512-epv4FMazj/XG70KTTnrZ0H1VtL6DeWOvyHLHYy7f5PdgDpBXpDTFjVqhP8NFNH8HmaDDdeL1NvQD07AXhyvUKA==",
      "cpu": [
        "x64"
      ],
      "optional": true,
      "os": [
        "linux"
      ],
      "engines": {
        "node": ">= 10"
      }
    },
    "node_modules/@next/swc-linux-x64-musl": {
      "version": "12.3.3",
      "resolved": "https://registry.npmjs.org/@next/swc-linux-x64-musl/-/swc-linux-x64-musl-12.3.3.tgz",
      "integrity": "sha512-bG5QODFy59XnSFTiPyIAt+rbPdphtvQMibtOVvyjwIwsBUw7swJ6k+6PSPVYEYpi6SHzi3qYBsro39ayGJKQJg==",
      "cpu": [
        "x64"
      ],
      "optional": true,
      "os": [
        "linux"
      ],
      "engines": {
        "node": ">= 10"
      }
    },
    "node_modules/@next/swc-win32-arm64-msvc": {
      "version": "12.3.3",
      "resolved": "https://registry.npmjs.org/@next/swc-win32-arm64-msvc/-/swc-win32-arm64-msvc-12.3.3.tgz",
      "integrity": "sha512-FbnT3reJ3MbTJ5W0hvlCCGGVDSpburzT5XGC9ljBJ4kr+85iNTLjv7+vrPeDdwHEqtGmdZgnabkLVCI4yFyCag==",
      "cpu": [
        "arm64"
      ],
      "optional": true,
      "os": [
        "win32"
      ],
      "engines": {
        "node": ">= 10"
      }
    },
    "node_modules/@next/swc-win32-ia32-msvc": {
      "version": "12.3.3",
      "resolved": "https://registry.npmjs.org/@next/swc-win32-ia32-msvc/-/swc-win32-ia32-msvc-12.3.3.tgz",
      "integrity": "sha512-M/fKZC2tMGWA6eTsIniNEBpx2prdR8lIxvSO3gv5P6ymZOGVWCvEMksnTkPAjHnU6d8r8eCiuGKm3UNo7zCTpQ==",
      "cpu": [
        "ia32"
      ],
      "optional": true,
      "os": [
        "win32"
      ],
      "engines": {
        "node": ">= 10"
      }
    },
    "node_modules/@next/swc-win32-x64-msvc": {
      "version": "12.3.3",
      "resolved": "https://registry.npmjs.org/@next/swc-win32-x64-msvc/-/swc-win32-x64-msvc-12.3.3.tgz",
      "integrity": "sha512-Ku9mfGwmNtk44o4B/jEWUxBAT4tJ3S7QbBMLJdL1GmtRZ05LGL36OqWjLvBPr8dFiHOQQbYoAmYfQw7zeGypYA==",
      "cpu": [
        "x64"
      ],
      "optional": true,
      "os": [
        "win32"
      ],
      "engines": {
        "node": ">= 10"
      }
    },
    "node_modules/@react-spring/addons": {
      "version": "9.0.0-beta.33",
      "resolved": "https://registry.npmjs.org/@react-spring/addons/-/addons-9.0.0-beta.33.tgz",
      "integrity": "sha512-/QJ5vcq54oljT1n4dSx9maYGaIKzz5WRuKGa12fhLD2JsYo9syTc9S3VH4qmAM4pkbggUQdiaA/AJWack4NF7A==",
      "license": "MIT",
      "dependencies": {
        "@babel/runtime": "^7.3.1",
        "@react-spring/animated": "^9.0.0-beta.33",
        "@react-spring/core": "^9.0.0-beta.33",
        "use-memo-one": "^1.1.0"
      },
      "peerDependencies": {
        "react": ">=16.8"
      }
    },
    "node_modules/@react-spring/animated": {
      "version": "9.0.0-beta.33",
      "resolved": "https://registry.npmjs.org/@react-spring/animated/-/animated-9.0.0-beta.33.tgz",
      "integrity": "sha512-0ecIXTLjvUuplQgUOr3fhXzHuVcCuVi4gLAEG74m/OcXZ8JZ0DuQCwdIT2TNJYaWX1pOG0OstT3bJ8KN+Ji/BQ==",
      "dependencies": {
        "@babel/runtime": "^7.3.1",
        "@react-spring/shared": "^9.0.0-beta.33",
        "tiny-invariant": "^1.0.4"
      }
    },
    "node_modules/@react-spring/core": {
      "version": "9.0.0-beta.33",
      "resolved": "https://registry.npmjs.org/@react-spring/core/-/core-9.0.0-beta.33.tgz",
      "integrity": "sha512-fIUGsAsCmZSBtucfE3zf2XTBjdTYbzdcblZyeo1/pUGW7ehjB85x2oNj7o6JQ603+elsTJ9k7POiYI5/wn1N3A==",
      "hasInstallScript": true,
      "dependencies": {
        "@babel/runtime": "^7.3.1",
        "@react-spring/animated": "^9.0.0-beta.33",
        "@react-spring/shared": "^9.0.0-beta.33",
        "use-memo-one": "^1.1.0"
      }
    },
    "node_modules/@react-spring/shared": {
      "version": "9.0.0-beta.33",
      "resolved": "https://registry.npmjs.org/@react-spring/shared/-/shared-9.0.0-beta.33.tgz",
      "integrity": "sha512-oGalrGtIg7ZMn9VW5PzLFMDAa8vH5V0XIeC4WFk7JB4hBfhxx6yzPwjMxSJfRrt/Q+WuS2cPoR5qN0RpH+fJOA==",
      "dependencies": {
        "@babel/runtime": "^7.3.1",
        "tiny-invariant": "^1.0.4"
      }
    },
    "node_modules/@swc/helpers": {
      "version": "0.4.11",
      "resolved": "https://registry.npmjs.org/@swc/helpers/-/helpers-0.4.11.tgz",
      "integrity": "sha512-rEUrBSGIoSFuYxwBYtlUFMlE2CwGhmW+w9355/5oduSw8e5h2+Tj4UrAGNNgP9915++wj5vkQo0UuOBqOAq4nw==",
      "dependencies": {
        "tslib": "^2.4.0"
      }
    },
    "node_modules/@types/node": {
      "version": "14.14.10",
      "resolved": "https://registry.npmjs.org/@types/node/-/node-14.14.10.tgz",
      "integrity": "sha512-J32dgx2hw8vXrSbu4ZlVhn1Nm3GbeCFNw2FWL8S5QKucHGY0cyNwjdQdO+KMBZ4wpmC7KhLCiNsdk1RFRIYUQQ==",
      "dev": true
    },
    "node_modules/@types/prop-types": {
      "version": "15.7.3",
      "resolved": "https://registry.npmjs.org/@types/prop-types/-/prop-types-15.7.3.tgz",
      "integrity": "sha512-KfRL3PuHmqQLOG+2tGpRO26Ctg+Cq1E01D2DMriKEATHgWLfeNDmq9e29Q9WIky0dQ3NPkd1mzYH8Lm936Z9qw=="
    },
    "node_modules/@types/react": {
      "version": "17.0.0",
      "resolved": "https://registry.npmjs.org/@types/react/-/react-17.0.0.tgz",
      "integrity": "sha512-aj/L7RIMsRlWML3YB6KZiXB3fV2t41+5RBGYF8z+tAKU43Px8C3cYUZsDvf1/+Bm4FK21QWBrDutu8ZJ/70qOw==",
      "dependencies": {
        "@types/prop-types": "*",
        "csstype": "^3.0.2"
      }
    },
    "node_modules/@types/react-dom": {
      "version": "17.0.0",
      "resolved": "https://registry.npmjs.org/@types/react-dom/-/react-dom-17.0.0.tgz",
      "integrity": "sha512-lUqY7OlkF/RbNtD5nIq7ot8NquXrdFrjSOR6+w9a9RFQevGi1oZO1dcJbXMeONAPKtZ2UrZOEJ5UOCVsxbLk/g==",
      "peer": true,
      "dependencies": {
        "@types/react": "*"
      }
    },
    "node_modules/babylonjs-gltf2interface": {
      "version": "4.2.0",
      "resolved": "https://registry.npmjs.org/babylonjs-gltf2interface/-/babylonjs-gltf2interface-4.2.0.tgz",
      "integrity": "sha512-Fn/ThxwZWP9kEAqk+9FX9CAeF4ah/I0/8wzAZR8MQuYqlYpEfM+E/IztJ+4LoOOxQYMWNs5lgj8OXSkX0tqc4g==",
      "engines": {
        "node": "*"
      }
    },
    "node_modules/caniuse-lite": {
      "version": "1.0.30001431",
      "resolved": "https://registry.npmjs.org/caniuse-lite/-/caniuse-lite-1.0.30001431.tgz",
      "integrity": "sha512-zBUoFU0ZcxpvSt9IU66dXVT/3ctO1cy4y9cscs1szkPlcWb6pasYM144GqrUygUbT+k7cmUCW61cvskjcv0enQ==",
      "funding": [
        {
          "type": "opencollective",
          "url": "https://opencollective.com/browserslist"
        },
        {
          "type": "tidelift",
          "url": "https://tidelift.com/funding/github/npm/caniuse-lite"
        }
      ]
    },
    "node_modules/csstype": {
      "version": "3.0.5",
      "resolved": "https://registry.npmjs.org/csstype/-/csstype-3.0.5.tgz",
      "integrity": "sha512-uVDi8LpBUKQj6sdxNaTetL6FpeCqTjOvAQuQUa/qAqq8oOd4ivkbhgnqayl0dnPal8Tb/yB1tF+gOvCBiicaiQ=="
    },
    "node_modules/enhanced-resolve": {
      "version": "5.10.0",
      "resolved": "https://registry.npmjs.org/enhanced-resolve/-/enhanced-resolve-5.10.0.tgz",
      "integrity": "sha512-T0yTFjdpldGY8PmuXXR0PyQ1ufZpEGiHVrp7zHKB7jdR4qlmZHhONVM5AQOAWXuF/w3dnHbEQVrNptJgt7F+cQ==",
      "dependencies": {
        "graceful-fs": "^4.2.4",
        "tapable": "^2.2.0"
      },
      "engines": {
        "node": ">=10.13.0"
      }
    },
    "node_modules/escalade": {
      "version": "3.1.1",
      "resolved": "https://registry.npmjs.org/escalade/-/escalade-3.1.1.tgz",
      "integrity": "sha512-k0er2gUkLf8O0zKJiAhmkTnJlTvINGv7ygDNPbeIsX/TJjGJZHuh9B2UxbsaEkmlEo9MfhrSzmhIlhRlI2GXnw==",
      "engines": {
        "node": ">=6"
      }
    },
    "node_modules/graceful-fs": {
      "version": "4.2.10",
      "resolved": "https://registry.npmjs.org/graceful-fs/-/graceful-fs-4.2.10.tgz",
      "integrity": "sha512-9ByhssR2fPVsNZj478qUUbKfmL0+t5BDVyjShtyZZLiK7ZDAArFFfopyOTj0M05wE2tJPisA4iTnnXl2YoPvOA=="
    },
    "node_modules/js-tokens": {
      "version": "4.0.0",
      "resolved": "https://registry.npmjs.org/js-tokens/-/js-tokens-4.0.0.tgz",
      "integrity": "sha512-RdJUflcE3cUzKiMqQgsCu06FPu9UdIJO0beYbPhHN4k6apgJtifcoCtT9bcxOpYBtpD2kCM6Sbzg4CausW/PKQ=="
    },
    "node_modules/loose-envify": {
      "version": "1.4.0",
      "resolved": "https://registry.npmjs.org/loose-envify/-/loose-envify-1.4.0.tgz",
      "integrity": "sha512-lyuxPGr/Wfhrlem2CL/UcnUc1zcqKAImBDzukY7Y5F/yQiNdko6+fRLevlw1HgMySw7f611UIY408EtxRSoK3Q==",
      "dependencies": {
        "js-tokens": "^3.0.0 || ^4.0.0"
      },
      "bin": {
        "loose-envify": "cli.js"
      }
    },
    "node_modules/nanoid": {
      "version": "3.3.4",
      "resolved": "https://registry.npmjs.org/nanoid/-/nanoid-3.3.4.tgz",
      "integrity": "sha512-MqBkQh/OHTS2egovRtLk45wEyNXwF+cokD+1YPf9u5VfJiRdAiRwB2froX5Co9Rh20xs4siNPm8naNotSD6RBw==",
      "bin": {
        "nanoid": "bin/nanoid.cjs"
      },
      "engines": {
        "node": "^10 || ^12 || ^13.7 || ^14 || >=15.0.1"
      }
    },
    "node_modules/next": {
      "version": "12.3.3",
      "resolved": "https://registry.npmjs.org/next/-/next-12.3.3.tgz",
      "integrity": "sha512-Rx2Y6Wl5R8E77NOfBupp/B9OPCklqfqD0yN2+rDivhMjd6hjVFH5n0WTDI4PWwDmZsdNcYt6NV85kJ3PLR+eNQ==",
      "dependencies": {
        "@next/env": "12.3.3",
        "@swc/helpers": "0.4.11",
        "caniuse-lite": "^1.0.30001406",
        "postcss": "8.4.14",
        "styled-jsx": "5.0.7",
        "use-sync-external-store": "1.2.0"
      },
      "bin": {
        "next": "dist/bin/next"
      },
      "engines": {
        "node": ">=12.22.0"
      },
      "optionalDependencies": {
        "@next/swc-android-arm-eabi": "12.3.3",
        "@next/swc-android-arm64": "12.3.3",
        "@next/swc-darwin-arm64": "12.3.3",
        "@next/swc-darwin-x64": "12.3.3",
        "@next/swc-freebsd-x64": "12.3.3",
        "@next/swc-linux-arm-gnueabihf": "12.3.3",
        "@next/swc-linux-arm64-gnu": "12.3.3",
        "@next/swc-linux-arm64-musl": "12.3.3",
        "@next/swc-linux-x64-gnu": "12.3.3",
        "@next/swc-linux-x64-musl": "12.3.3",
        "@next/swc-win32-arm64-msvc": "12.3.3",
        "@next/swc-win32-ia32-msvc": "12.3.3",
        "@next/swc-win32-x64-msvc": "12.3.3"
      },
      "peerDependencies": {
        "fibers": ">= 3.1.0",
        "node-sass": "^6.0.0 || ^7.0.0",
        "react": "^17.0.2 || ^18.0.0-0",
        "react-dom": "^17.0.2 || ^18.0.0-0",
        "sass": "^1.3.0"
      },
      "peerDependenciesMeta": {
        "fibers": {
          "optional": true
        },
        "node-sass": {
          "optional": true
        },
        "sass": {
          "optional": true
        }
      }
    },
    "node_modules/next-transpile-modules": {
      "version": "9.0.0",
      "resolved": "https://registry.npmjs.org/next-transpile-modules/-/next-transpile-modules-9.0.0.tgz",
      "integrity": "sha512-VCNFOazIAnXn1hvgYYSTYMnoWgKgwlYh4lm1pKbSfiB3kj5ZYLcKVhfh3jkPOg1cnd9DP+pte9yCUocdPEUBTQ==",
      "dependencies": {
        "enhanced-resolve": "^5.7.0",
        "escalade": "^3.1.1"
      }
    },
    "node_modules/object-assign": {
      "version": "4.1.1",
      "resolved": "https://registry.npmjs.org/object-assign/-/object-assign-4.1.1.tgz",
      "integrity": "sha1-IQmtx5ZYh8/AXLvUQsrIv7s2CGM=",
      "engines": {
        "node": ">=0.10.0"
      }
    },
    "node_modules/picocolors": {
      "version": "1.0.0",
      "resolved": "https://registry.npmjs.org/picocolors/-/picocolors-1.0.0.tgz",
      "integrity": "sha512-1fygroTLlHu66zi26VoTDv8yRgm0Fccecssto+MhsZ0D/DGW2sm8E8AjW7NU5VVTRt5GxbeZ5qBuJr+HyLYkjQ=="
    },
    "node_modules/postcss": {
      "version": "8.4.14",
      "resolved": "https://registry.npmjs.org/postcss/-/postcss-8.4.14.tgz",
      "integrity": "sha512-E398TUmfAYFPBSdzgeieK2Y1+1cpdxJx8yXbK/m57nRhKSmk1GB2tO4lbLBtlkfPQTDKfe4Xqv1ASWPpayPEig==",
      "funding": [
        {
          "type": "opencollective",
          "url": "https://opencollective.com/postcss/"
        },
        {
          "type": "tidelift",
          "url": "https://tidelift.com/funding/github/npm/postcss"
        }
      ],
      "dependencies": {
        "nanoid": "^3.3.4",
        "picocolors": "^1.0.0",
        "source-map-js": "^1.0.2"
      },
      "engines": {
        "node": "^10 || ^12 || >=14"
      }
    },
    "node_modules/react": {
      "version": "17.0.2",
      "resolved": "https://registry.npmjs.org/react/-/react-17.0.2.tgz",
      "integrity": "sha512-gnhPt75i/dq/z3/6q/0asP78D0u592D5L1pd7M8P+dck6Fu/jJeL6iVVK23fptSUZj8Vjf++7wXA8UNclGQcbA==",
      "dependencies": {
        "loose-envify": "^1.1.0",
        "object-assign": "^4.1.1"
      },
      "engines": {
        "node": ">=0.10.0"
      }
    },
    "node_modules/react-babylonjs": {
      "version": "2.3.2",
      "resolved": "https://registry.npmjs.org/react-babylonjs/-/react-babylonjs-2.3.2.tgz",
      "integrity": "sha512-7N5I2GtJn0RhqCN7IF9AxIoUWHIbV1dZixWcT/yzQoq3tYNQ4muHxOHoPmITBHBpckMXZBKOFTcRNkSWKQXldw==",
      "dependencies": {
        "react-reconciler": "^0.26.1"
      },
      "engines": {
        "node": ">=6.0.0"
      },
      "peerDependencies": {
        "@babylonjs/core": "4.x",
        "@babylonjs/gui": "4.x",
        "@babylonjs/inspector": "4.x",
        "@babylonjs/loaders": "4.x",
        "react": ">=17",
        "react-dom": ">=17"
      }
    },
    "node_modules/react-dom": {
      "version": "17.0.2",
      "resolved": "https://registry.npmjs.org/react-dom/-/react-dom-17.0.2.tgz",
      "integrity": "sha512-s4h96KtLDUQlsENhMn1ar8t2bEa+q/YAtj8pPPdIjPDGBDIVNsrD9aXNWqspUe6AzKCIG0C1HZZLqLV7qpOBGA==",
      "dependencies": {
        "loose-envify": "^1.1.0",
        "object-assign": "^4.1.1",
        "scheduler": "^0.20.2"
      },
      "peerDependencies": {
        "react": "17.0.2"
      }
    },
    "node_modules/react-reconciler": {
      "version": "0.26.1",
      "resolved": "https://registry.npmjs.org/react-reconciler/-/react-reconciler-0.26.1.tgz",
      "integrity": "sha512-6E/CvH9zcDmHjhiNJlP0qJ8+3ufnY2b5RWs774Uy8XKWN0l6qfnlkz0XnDacxqj2rbJdq76w9dlFXjPPOQrmqA==",
      "dependencies": {
        "loose-envify": "^1.1.0",
        "object-assign": "^4.1.1",
        "scheduler": "^0.20.1"
      },
      "engines": {
        "node": ">=0.10.0"
      },
      "peerDependencies": {
        "react": "^17.0.1"
      }
    },
    "node_modules/regenerator-runtime": {
      "version": "0.13.5",
      "resolved": "https://registry.npmjs.org/regenerator-runtime/-/regenerator-runtime-0.13.5.tgz",
      "integrity": "sha512-ZS5w8CpKFinUzOwW3c83oPeVXoNsrLsaCoLtJvAClH135j/R77RuymhiSErhm2lKcwSCIpmvIWSbDkIfAqKQlA=="
    },
    "node_modules/scheduler": {
      "version": "0.20.2",
      "resolved": "https://registry.npmjs.org/scheduler/-/scheduler-0.20.2.tgz",
      "integrity": "sha512-2eWfGgAqqWFGqtdMmcL5zCMK1U8KlXv8SQFGglL3CEtd0aDVDWgeF/YoCmvln55m5zSk3J/20hTaSBeSObsQDQ==",
      "dependencies": {
        "loose-envify": "^1.1.0",
        "object-assign": "^4.1.1"
      }
    },
    "node_modules/source-map-js": {
      "version": "1.0.2",
      "resolved": "https://registry.npmjs.org/source-map-js/-/source-map-js-1.0.2.tgz",
      "integrity": "sha512-R0XvVJ9WusLiqTCEiGCmICCMplcCkIwwR11mOSD9CR5u+IXYdiseeEuXCVAjS54zqwkLcPNnmU4OeJ6tUrWhDw==",
      "engines": {
        "node": ">=0.10.0"
      }
    },
    "node_modules/styled-jsx": {
      "version": "5.0.7",
      "resolved": "https://registry.npmjs.org/styled-jsx/-/styled-jsx-5.0.7.tgz",
      "integrity": "sha512-b3sUzamS086YLRuvnaDigdAewz1/EFYlHpYBP5mZovKEdQQOIIYq8lApylub3HHZ6xFjV051kkGU7cudJmrXEA==",
      "engines": {
        "node": ">= 12.0.0"
      },
      "peerDependencies": {
        "react": ">= 16.8.0 || 17.x.x || ^18.0.0-0"
      },
      "peerDependenciesMeta": {
        "@babel/core": {
          "optional": true
        },
        "babel-plugin-macros": {
          "optional": true
        }
      }
    },
    "node_modules/tapable": {
      "version": "2.2.1",
      "resolved": "https://registry.npmjs.org/tapable/-/tapable-2.2.1.tgz",
      "integrity": "sha512-GNzQvQTOIP6RyTfE2Qxb8ZVlNmw0n88vp1szwWRimP02mnTsx3Wtn5qRdqY9w2XduFNUgvOwhNnQsjwCp+kqaQ==",
      "engines": {
        "node": ">=6"
      }
    },
    "node_modules/tiny-invariant": {
      "version": "1.1.0",
      "resolved": "https://registry.npmjs.org/tiny-invariant/-/tiny-invariant-1.1.0.tgz",
      "integrity": "sha512-ytxQvrb1cPc9WBEI/HSeYYoGD0kWnGEOR8RY6KomWLBVhqz0RgTwVO9dLrGz7dC+nN9llyI7OKAgRq8Vq4ZBSw=="
    },
    "node_modules/tslib": {
      "version": "2.4.1",
      "resolved": "https://registry.npmjs.org/tslib/-/tslib-2.4.1.tgz",
      "integrity": "sha512-tGyy4dAjRIEwI7BzsB0lynWgOpfqjUdq91XXAlIWD2OwKBH7oCl/GZG/HT4BOHrTlPMOASlMQ7veyTqpmRcrNA=="
    },
    "node_modules/typescript": {
      "version": "4.3.2",
      "resolved": "https://registry.npmjs.org/typescript/-/typescript-4.3.2.tgz",
      "integrity": "sha512-zZ4hShnmnoVnAHpVHWpTcxdv7dWP60S2FsydQLV8V5PbS3FifjWFFRiHSWpDJahly88PRyV5teTSLoq4eG7mKw==",
      "dev": true,
      "bin": {
        "tsc": "bin/tsc",
        "tsserver": "bin/tsserver"
      },
      "engines": {
        "node": ">=4.2.0"
      }
    },
    "node_modules/use-memo-one": {
      "version": "1.1.3",
      "resolved": "https://registry.npmjs.org/use-memo-one/-/use-memo-one-1.1.3.tgz",
      "integrity": "sha512-g66/K7ZQGYrI6dy8GLpVcMsBp4s17xNkYJVSMvTEevGy3nDxHOfE6z8BVE22+5G5x7t3+bhzrlTDB7ObrEE0cQ==",
      "peerDependencies": {
        "react": "^16.8.0 || ^17.0.0 || ^18.0.0"
      }
    },
    "node_modules/use-sync-external-store": {
      "version": "1.2.0",
      "resolved": "https://registry.npmjs.org/use-sync-external-store/-/use-sync-external-store-1.2.0.tgz",
      "integrity": "sha512-eEgnFxGQ1Ife9bzYs6VLi8/4X6CObHMw9Qr9tPY43iKwsPw8xE8+EFsf/2cFZ5S3esXgpWgtSCtLNS41F+sKPA==",
      "peerDependencies": {
        "react": "^16.8.0 || ^17.0.0 || ^18.0.0"
      }
    }
  },
  "dependencies": {
    "@babel/runtime": {
      "version": "7.15.3",
      "resolved": "https://registry.npmjs.org/@babel/runtime/-/runtime-7.15.3.tgz",
      "integrity": "sha512-OvwMLqNXkCXSz1kSm58sEsNuhqOx/fKpnUnKnFB5v8uDda5bLNEHNgKPvhDN6IU0LDcnHQ90LlJ0Q6jnyBSIBA==",
      "requires": {
        "regenerator-runtime": "^0.13.4"
      }
    },
    "@babylonjs/core": {
      "version": "4.2.0",
      "resolved": "https://registry.npmjs.org/@babylonjs/core/-/core-4.2.0.tgz",
      "integrity": "sha512-sZQigPvMDc0pcgwlKvTF5gsMzGwT8gelQIOyxELrohdFu12pHGhIr61+yVxxq9tpCdzyYD9kS8LM0w2y+5ypkg==",
      "requires": {
        "tslib": ">=1.10.0"
      }
    },
    "@babylonjs/gui": {
      "version": "4.2.0",
      "resolved": "https://registry.npmjs.org/@babylonjs/gui/-/gui-4.2.0.tgz",
      "integrity": "sha512-AQnqwFDmQ05FAw4B0BPVUFqWgdSKVI23qVHm/uOOMBQhMo8+WE2pTNATm6Qw/HDVLCp5qUjwIij/3JtG5s0fBw==",
      "requires": {
        "@babylonjs/core": "4.2.0",
        "tslib": ">=1.10.0"
      }
    },
    "@babylonjs/inspector": {
      "version": "4.2.0",
      "resolved": "https://registry.npmjs.org/@babylonjs/inspector/-/inspector-4.2.0.tgz",
      "integrity": "sha512-fT4pKybrZyt2s0Gewu14KZMYer8AUXJ1aasyhZaNSgsNaq+oSoy7D5ljvxZK9Us0BzZerEFzFWOYaL0mwcbpZA==",
      "requires": {
        "@babylonjs/core": "4.2.0",
        "@babylonjs/gui": "4.2.0",
        "@babylonjs/loaders": "4.2.0",
        "@babylonjs/materials": "4.2.0",
        "@babylonjs/serializers": "4.2.0",
        "babylonjs-gltf2interface": "4.2.0",
        "tslib": ">=1.10.0"
      }
    },
    "@babylonjs/loaders": {
      "version": "4.2.0",
      "resolved": "https://registry.npmjs.org/@babylonjs/loaders/-/loaders-4.2.0.tgz",
      "integrity": "sha512-feCmp4I+suBNLko3wGFNZpDg1Bqt9NxEuhKZ+epmaIWSqKEQAMhDvdehcq9vETTVKULkzRGZdDrZmEX0weG80g==",
      "requires": {
        "@babylonjs/core": "4.2.0",
        "babylonjs-gltf2interface": "4.2.0",
        "tslib": ">=1.10.0"
      }
    },
    "@babylonjs/materials": {
      "version": "4.2.0",
      "resolved": "https://registry.npmjs.org/@babylonjs/materials/-/materials-4.2.0.tgz",
      "integrity": "sha512-YoetSvjpilw39W99RyiZLxZy2Zy3baRckDlv/om/0qFmFK7mWsXfoqp5nBecf8bItyuvPgtfJNZwBe669/j2qw==",
      "requires": {
        "@babylonjs/core": "4.2.0",
        "tslib": ">=1.10.0"
      }
    },
    "@babylonjs/serializers": {
      "version": "4.2.0",
      "resolved": "https://registry.npmjs.org/@babylonjs/serializers/-/serializers-4.2.0.tgz",
      "integrity": "sha512-VY5SONQaBSMusgNIwNz2k9L+YJK6oeJWLlQUdWvjszXp6/WVELh072S2gpMN0WX7mVonbCdcqXhJrKZgMV6t+g==",
      "requires": {
        "@babylonjs/core": "4.2.0",
        "babylonjs-gltf2interface": "4.2.0",
        "tslib": ">=1.10.0"
      }
    },
    "@next/env": {
      "version": "12.3.3",
      "resolved": "https://registry.npmjs.org/@next/env/-/env-12.3.3.tgz",
      "integrity": "sha512-H2pKuOasV9RgvVaWosB2rGSNeQShQpiDaF4EEjLyagIc3HwqdOw2/VAG/8Lq+adOwPv2P73O1hulTNad3k5MDw=="
    },
    "@next/swc-android-arm-eabi": {
      "version": "12.3.3",
      "resolved": "https://registry.npmjs.org/@next/swc-android-arm-eabi/-/swc-android-arm-eabi-12.3.3.tgz",
      "integrity": "sha512-5O/ZIX6hlIRGMy1R2f/8WiCZ4Hp4WTC0FcTuz8ycQ28j/mzDnmzjVoayVVr+ZmfEKQayFrRu+vxHjFyY0JGQlQ==",
      "optional": true
    },
    "@next/swc-android-arm64": {
      "version": "12.3.3",
      "resolved": "https://registry.npmjs.org/@next/swc-android-arm64/-/swc-android-arm64-12.3.3.tgz",
      "integrity": "sha512-2QWreRmlxYRDtnLYn+BI8oukHwcP7W0zGIY5R2mEXRjI4ARqCLdu8RmcT9Vemw7RfeAVKA/4cv/9PY0pCcQpNA==",
      "optional": true
    },
    "@next/swc-darwin-arm64": {
      "version": "12.3.3",
      "resolved": "https://registry.npmjs.org/@next/swc-darwin-arm64/-/swc-darwin-arm64-12.3.3.tgz",
      "integrity": "sha512-GtZdDLerM+VToCMFp+W+WhnT6sxHePQH4xZZiYD/Y8KFiwHbDRcJr2FPG0bAJnGNiSvv/QQnBq74wjZ9+7vhcQ==",
      "optional": true
    },
    "@next/swc-darwin-x64": {
      "version": "12.3.3",
      "resolved": "https://registry.npmjs.org/@next/swc-darwin-x64/-/swc-darwin-x64-12.3.3.tgz",
      "integrity": "sha512-gRYvTKrRYynjFQUDJ+upHMcBiNz0ii0m7zGgmUTlTSmrBWqVSzx79EHYT7Nn4GWHM+a/W+2VXfu+lqHcJeQ9gQ==",
      "optional": true
    },
    "@next/swc-freebsd-x64": {
      "version": "12.3.3",
      "resolved": "https://registry.npmjs.org/@next/swc-freebsd-x64/-/swc-freebsd-x64-12.3.3.tgz",
      "integrity": "sha512-r+GLATzCjjQI82bgrIPXWEYBwZonSO64OThk5wU6HduZlDYTEDxZsFNoNoesCDWCgRrgg+OXj7WLNy1WlvfX7w==",
      "optional": true
    },
    "@next/swc-linux-arm-gnueabihf": {
      "version": "12.3.3",
      "resolved": "https://registry.npmjs.org/@next/swc-linux-arm-gnueabihf/-/swc-linux-arm-gnueabihf-12.3.3.tgz",
      "integrity": "sha512-juvRj1QX9jmQScL4nV0rROtYUFgWP76zfdn1fdfZ2BhvwUugIAq8x+jLVGlnXKUhDrP9+RrAufqXjjVkK+uBxA==",
      "optional": true
    },
    "@next/swc-linux-arm64-gnu": {
      "version": "12.3.3",
      "resolved": "https://registry.npmjs.org/@next/swc-linux-arm64-gnu/-/swc-linux-arm64-gnu-12.3.3.tgz",
      "integrity": "sha512-hzinybStPB+SzS68hR5rzOngOH7Yd/jFuWGeg9qS5WifYXHpqwGH2BQeKpjVV0iJuyO9r309JKrRWMrbfhnuBA==",
      "optional": true
    },
    "@next/swc-linux-arm64-musl": {
      "version": "12.3.3",
      "resolved": "https://registry.npmjs.org/@next/swc-linux-arm64-musl/-/swc-linux-arm64-musl-12.3.3.tgz",
      "integrity": "sha512-oyfQYljCwf+9zUu1YkTZbRbyxmcHzvJPMGOxC3kJOReh3kCUoGcmvAxUPMtFD6FSYjJ+eaog4+2IFHtYuAw/bQ==",
      "optional": true
    },
    "@next/swc-linux-x64-gnu": {
      "version": "12.3.3",
      "resolved": "https://registry.npmjs.org/@next/swc-linux-x64-gnu/-/swc-linux-x64-gnu-12.3.3.tgz",
      "integrity": "sha512-epv4FMazj/XG70KTTnrZ0H1VtL6DeWOvyHLHYy7f5PdgDpBXpDTFjVqhP8NFNH8HmaDDdeL1NvQD07AXhyvUKA==",
      "optional": true
    },
    "@next/swc-linux-x64-musl": {
      "version": "12.3.3",
      "resolved": "https://registry.npmjs.org/@next/swc-linux-x64-musl/-/swc-linux-x64-musl-12.3.3.tgz",
      "integrity": "sha512-bG5QODFy59XnSFTiPyIAt+rbPdphtvQMibtOVvyjwIwsBUw7swJ6k+6PSPVYEYpi6SHzi3qYBsro39ayGJKQJg==",
      "optional": true
    },
    "@next/swc-win32-arm64-msvc": {
      "version": "12.3.3",
      "resolved": "https://registry.npmjs.org/@next/swc-win32-arm64-msvc/-/swc-win32-arm64-msvc-12.3.3.tgz",
      "integrity": "sha512-FbnT3reJ3MbTJ5W0hvlCCGGVDSpburzT5XGC9ljBJ4kr+85iNTLjv7+vrPeDdwHEqtGmdZgnabkLVCI4yFyCag==",
      "optional": true
    },
    "@next/swc-win32-ia32-msvc": {
      "version": "12.3.3",
      "resolved": "https://registry.npmjs.org/@next/swc-win32-ia32-msvc/-/swc-win32-ia32-msvc-12.3.3.tgz",
      "integrity": "sha512-M/fKZC2tMGWA6eTsIniNEBpx2prdR8lIxvSO3gv5P6ymZOGVWCvEMksnTkPAjHnU6d8r8eCiuGKm3UNo7zCTpQ==",
      "optional": true
    },
    "@next/swc-win32-x64-msvc": {
      "version": "12.3.3",
      "resolved": "https://registry.npmjs.org/@next/swc-win32-x64-msvc/-/swc-win32-x64-msvc-12.3.3.tgz",
      "integrity": "sha512-Ku9mfGwmNtk44o4B/jEWUxBAT4tJ3S7QbBMLJdL1GmtRZ05LGL36OqWjLvBPr8dFiHOQQbYoAmYfQw7zeGypYA==",
      "optional": true
    },
    "@react-spring/addons": {
      "version": "9.0.0-beta.33",
      "resolved": "https://registry.npmjs.org/@react-spring/addons/-/addons-9.0.0-beta.33.tgz",
      "integrity": "sha512-/QJ5vcq54oljT1n4dSx9maYGaIKzz5WRuKGa12fhLD2JsYo9syTc9S3VH4qmAM4pkbggUQdiaA/AJWack4NF7A==",
      "requires": {
        "@babel/runtime": "^7.3.1",
        "@react-spring/animated": "^9.0.0-beta.33",
        "@react-spring/core": "^9.0.0-beta.33",
        "use-memo-one": "^1.1.0"
      }
    },
    "@react-spring/animated": {
      "version": "9.0.0-beta.33",
      "resolved": "https://registry.npmjs.org/@react-spring/animated/-/animated-9.0.0-beta.33.tgz",
      "integrity": "sha512-0ecIXTLjvUuplQgUOr3fhXzHuVcCuVi4gLAEG74m/OcXZ8JZ0DuQCwdIT2TNJYaWX1pOG0OstT3bJ8KN+Ji/BQ==",
      "requires": {
        "@babel/runtime": "^7.3.1",
        "@react-spring/shared": "^9.0.0-beta.33",
        "tiny-invariant": "^1.0.4"
      }
    },
    "@react-spring/core": {
      "version": "9.0.0-beta.33",
      "resolved": "https://registry.npmjs.org/@react-spring/core/-/core-9.0.0-beta.33.tgz",
      "integrity": "sha512-fIUGsAsCmZSBtucfE3zf2XTBjdTYbzdcblZyeo1/pUGW7ehjB85x2oNj7o6JQ603+elsTJ9k7POiYI5/wn1N3A==",
      "requires": {
        "@babel/runtime": "^7.3.1",
        "@react-spring/animated": "^9.0.0-beta.33",
        "@react-spring/shared": "^9.0.0-beta.33",
        "use-memo-one": "^1.1.0"
      }
    },
    "@react-spring/shared": {
      "version": "9.0.0-beta.33",
      "resolved": "https://registry.npmjs.org/@react-spring/shared/-/shared-9.0.0-beta.33.tgz",
      "integrity": "sha512-oGalrGtIg7ZMn9VW5PzLFMDAa8vH5V0XIeC4WFk7JB4hBfhxx6yzPwjMxSJfRrt/Q+WuS2cPoR5qN0RpH+fJOA==",
      "requires": {
        "@babel/runtime": "^7.3.1",
        "tiny-invariant": "^1.0.4"
      }
    },
    "@swc/helpers": {
      "version": "0.4.11",
      "resolved": "https://registry.npmjs.org/@swc/helpers/-/helpers-0.4.11.tgz",
      "integrity": "sha512-rEUrBSGIoSFuYxwBYtlUFMlE2CwGhmW+w9355/5oduSw8e5h2+Tj4UrAGNNgP9915++wj5vkQo0UuOBqOAq4nw==",
      "requires": {
        "tslib": "^2.4.0"
      }
    },
    "@types/node": {
      "version": "14.14.10",
      "resolved": "https://registry.npmjs.org/@types/node/-/node-14.14.10.tgz",
      "integrity": "sha512-J32dgx2hw8vXrSbu4ZlVhn1Nm3GbeCFNw2FWL8S5QKucHGY0cyNwjdQdO+KMBZ4wpmC7KhLCiNsdk1RFRIYUQQ==",
      "dev": true
    },
    "@types/prop-types": {
      "version": "15.7.3",
      "resolved": "https://registry.npmjs.org/@types/prop-types/-/prop-types-15.7.3.tgz",
      "integrity": "sha512-KfRL3PuHmqQLOG+2tGpRO26Ctg+Cq1E01D2DMriKEATHgWLfeNDmq9e29Q9WIky0dQ3NPkd1mzYH8Lm936Z9qw=="
    },
    "@types/react": {
      "version": "17.0.0",
      "resolved": "https://registry.npmjs.org/@types/react/-/react-17.0.0.tgz",
      "integrity": "sha512-aj/L7RIMsRlWML3YB6KZiXB3fV2t41+5RBGYF8z+tAKU43Px8C3cYUZsDvf1/+Bm4FK21QWBrDutu8ZJ/70qOw==",
      "requires": {
        "@types/prop-types": "*",
        "csstype": "^3.0.2"
      }
    },
    "@types/react-dom": {
      "version": "17.0.0",
      "resolved": "https://registry.npmjs.org/@types/react-dom/-/react-dom-17.0.0.tgz",
      "integrity": "sha512-lUqY7OlkF/RbNtD5nIq7ot8NquXrdFrjSOR6+w9a9RFQevGi1oZO1dcJbXMeONAPKtZ2UrZOEJ5UOCVsxbLk/g==",
      "peer": true,
      "requires": {
        "@types/react": "*"
      }
    },
    "babylonjs-gltf2interface": {
      "version": "4.2.0",
      "resolved": "https://registry.npmjs.org/babylonjs-gltf2interface/-/babylonjs-gltf2interface-4.2.0.tgz",
      "integrity": "sha512-Fn/ThxwZWP9kEAqk+9FX9CAeF4ah/I0/8wzAZR8MQuYqlYpEfM+E/IztJ+4LoOOxQYMWNs5lgj8OXSkX0tqc4g=="
    },
    "caniuse-lite": {
      "version": "1.0.30001431",
      "resolved": "https://registry.npmjs.org/caniuse-lite/-/caniuse-lite-1.0.30001431.tgz",
      "integrity": "sha512-zBUoFU0ZcxpvSt9IU66dXVT/3ctO1cy4y9cscs1szkPlcWb6pasYM144GqrUygUbT+k7cmUCW61cvskjcv0enQ=="
    },
    "csstype": {
      "version": "3.0.5",
      "resolved": "https://registry.npmjs.org/csstype/-/csstype-3.0.5.tgz",
      "integrity": "sha512-uVDi8LpBUKQj6sdxNaTetL6FpeCqTjOvAQuQUa/qAqq8oOd4ivkbhgnqayl0dnPal8Tb/yB1tF+gOvCBiicaiQ=="
    },
    "enhanced-resolve": {
      "version": "5.10.0",
      "resolved": "https://registry.npmjs.org/enhanced-resolve/-/enhanced-resolve-5.10.0.tgz",
      "integrity": "sha512-T0yTFjdpldGY8PmuXXR0PyQ1ufZpEGiHVrp7zHKB7jdR4qlmZHhONVM5AQOAWXuF/w3dnHbEQVrNptJgt7F+cQ==",
      "requires": {
        "graceful-fs": "^4.2.4",
        "tapable": "^2.2.0"
      }
    },
    "escalade": {
      "version": "3.1.1",
      "resolved": "https://registry.npmjs.org/escalade/-/escalade-3.1.1.tgz",
      "integrity": "sha512-k0er2gUkLf8O0zKJiAhmkTnJlTvINGv7ygDNPbeIsX/TJjGJZHuh9B2UxbsaEkmlEo9MfhrSzmhIlhRlI2GXnw=="
    },
    "graceful-fs": {
      "version": "4.2.10",
      "resolved": "https://registry.npmjs.org/graceful-fs/-/graceful-fs-4.2.10.tgz",
      "integrity": "sha512-9ByhssR2fPVsNZj478qUUbKfmL0+t5BDVyjShtyZZLiK7ZDAArFFfopyOTj0M05wE2tJPisA4iTnnXl2YoPvOA=="
    },
    "js-tokens": {
      "version": "4.0.0",
      "resolved": "https://registry.npmjs.org/js-tokens/-/js-tokens-4.0.0.tgz",
      "integrity": "sha512-RdJUflcE3cUzKiMqQgsCu06FPu9UdIJO0beYbPhHN4k6apgJtifcoCtT9bcxOpYBtpD2kCM6Sbzg4CausW/PKQ=="
    },
    "loose-envify": {
      "version": "1.4.0",
      "resolved": "https://registry.npmjs.org/loose-envify/-/loose-envify-1.4.0.tgz",
      "integrity": "sha512-lyuxPGr/Wfhrlem2CL/UcnUc1zcqKAImBDzukY7Y5F/yQiNdko6+fRLevlw1HgMySw7f611UIY408EtxRSoK3Q==",
      "requires": {
        "js-tokens": "^3.0.0 || ^4.0.0"
      }
    },
    "nanoid": {
      "version": "3.3.4",
      "resolved": "https://registry.npmjs.org/nanoid/-/nanoid-3.3.4.tgz",
      "integrity": "sha512-MqBkQh/OHTS2egovRtLk45wEyNXwF+cokD+1YPf9u5VfJiRdAiRwB2froX5Co9Rh20xs4siNPm8naNotSD6RBw=="
    },
    "next": {
      "version": "12.3.3",
      "resolved": "https://registry.npmjs.org/next/-/next-12.3.3.tgz",
      "integrity": "sha512-Rx2Y6Wl5R8E77NOfBupp/B9OPCklqfqD0yN2+rDivhMjd6hjVFH5n0WTDI4PWwDmZsdNcYt6NV85kJ3PLR+eNQ==",
      "requires": {
        "@next/env": "12.3.3",
        "@next/swc-android-arm-eabi": "12.3.3",
        "@next/swc-android-arm64": "12.3.3",
        "@next/swc-darwin-arm64": "12.3.3",
        "@next/swc-darwin-x64": "12.3.3",
        "@next/swc-freebsd-x64": "12.3.3",
        "@next/swc-linux-arm-gnueabihf": "12.3.3",
        "@next/swc-linux-arm64-gnu": "12.3.3",
        "@next/swc-linux-arm64-musl": "12.3.3",
        "@next/swc-linux-x64-gnu": "12.3.3",
        "@next/swc-linux-x64-musl": "12.3.3",
        "@next/swc-win32-arm64-msvc": "12.3.3",
        "@next/swc-win32-ia32-msvc": "12.3.3",
        "@next/swc-win32-x64-msvc": "12.3.3",
        "@swc/helpers": "0.4.11",
        "caniuse-lite": "^1.0.30001406",
        "postcss": "8.4.14",
        "styled-jsx": "5.0.7",
        "use-sync-external-store": "1.2.0"
      }
    },
    "next-transpile-modules": {
      "version": "9.0.0",
      "resolved": "https://registry.npmjs.org/next-transpile-modules/-/next-transpile-modules-9.0.0.tgz",
      "integrity": "sha512-VCNFOazIAnXn1hvgYYSTYMnoWgKgwlYh4lm1pKbSfiB3kj5ZYLcKVhfh3jkPOg1cnd9DP+pte9yCUocdPEUBTQ==",
      "requires": {
        "enhanced-resolve": "^5.7.0",
        "escalade": "^3.1.1"
      }
    },
    "object-assign": {
      "version": "4.1.1",
      "resolved": "https://registry.npmjs.org/object-assign/-/object-assign-4.1.1.tgz",
      "integrity": "sha1-IQmtx5ZYh8/AXLvUQsrIv7s2CGM="
    },
    "picocolors": {
      "version": "1.0.0",
      "resolved": "https://registry.npmjs.org/picocolors/-/picocolors-1.0.0.tgz",
      "integrity": "sha512-1fygroTLlHu66zi26VoTDv8yRgm0Fccecssto+MhsZ0D/DGW2sm8E8AjW7NU5VVTRt5GxbeZ5qBuJr+HyLYkjQ=="
    },
    "postcss": {
      "version": "8.4.14",
      "resolved": "https://registry.npmjs.org/postcss/-/postcss-8.4.14.tgz",
      "integrity": "sha512-E398TUmfAYFPBSdzgeieK2Y1+1cpdxJx8yXbK/m57nRhKSmk1GB2tO4lbLBtlkfPQTDKfe4Xqv1ASWPpayPEig==",
      "requires": {
        "nanoid": "^3.3.4",
        "picocolors": "^1.0.0",
        "source-map-js": "^1.0.2"
      }
    },
    "react": {
      "version": "17.0.2",
      "resolved": "https://registry.npmjs.org/react/-/react-17.0.2.tgz",
      "integrity": "sha512-gnhPt75i/dq/z3/6q/0asP78D0u592D5L1pd7M8P+dck6Fu/jJeL6iVVK23fptSUZj8Vjf++7wXA8UNclGQcbA==",
      "requires": {
        "loose-envify": "^1.1.0",
        "object-assign": "^4.1.1"
      }
    },
    "react-babylonjs": {
      "version": "2.3.2",
      "resolved": "https://registry.npmjs.org/react-babylonjs/-/react-babylonjs-2.3.2.tgz",
      "integrity": "sha512-7N5I2GtJn0RhqCN7IF9AxIoUWHIbV1dZixWcT/yzQoq3tYNQ4muHxOHoPmITBHBpckMXZBKOFTcRNkSWKQXldw==",
      "requires": {
        "react-reconciler": "^0.26.1"
      }
    },
    "react-dom": {
      "version": "17.0.2",
      "resolved": "https://registry.npmjs.org/react-dom/-/react-dom-17.0.2.tgz",
      "integrity": "sha512-s4h96KtLDUQlsENhMn1ar8t2bEa+q/YAtj8pPPdIjPDGBDIVNsrD9aXNWqspUe6AzKCIG0C1HZZLqLV7qpOBGA==",
      "requires": {
        "loose-envify": "^1.1.0",
        "object-assign": "^4.1.1",
        "scheduler": "^0.20.2"
      }
    },
    "react-reconciler": {
      "version": "0.26.1",
      "resolved": "https://registry.npmjs.org/react-reconciler/-/react-reconciler-0.26.1.tgz",
      "integrity": "sha512-6E/CvH9zcDmHjhiNJlP0qJ8+3ufnY2b5RWs774Uy8XKWN0l6qfnlkz0XnDacxqj2rbJdq76w9dlFXjPPOQrmqA==",
      "requires": {
        "loose-envify": "^1.1.0",
        "object-assign": "^4.1.1",
        "scheduler": "^0.20.1"
      }
    },
    "regenerator-runtime": {
      "version": "0.13.5",
      "resolved": "https://registry.npmjs.org/regenerator-runtime/-/regenerator-runtime-0.13.5.tgz",
      "integrity": "sha512-ZS5w8CpKFinUzOwW3c83oPeVXoNsrLsaCoLtJvAClH135j/R77RuymhiSErhm2lKcwSCIpmvIWSbDkIfAqKQlA=="
    },
    "scheduler": {
      "version": "0.20.2",
      "resolved": "https://registry.npmjs.org/scheduler/-/scheduler-0.20.2.tgz",
      "integrity": "sha512-2eWfGgAqqWFGqtdMmcL5zCMK1U8KlXv8SQFGglL3CEtd0aDVDWgeF/YoCmvln55m5zSk3J/20hTaSBeSObsQDQ==",
      "requires": {
        "loose-envify": "^1.1.0",
        "object-assign": "^4.1.1"
      }
    },
    "source-map-js": {
      "version": "1.0.2",
      "resolved": "https://registry.npmjs.org/source-map-js/-/source-map-js-1.0.2.tgz",
      "integrity": "sha512-R0XvVJ9WusLiqTCEiGCmICCMplcCkIwwR11mOSD9CR5u+IXYdiseeEuXCVAjS54zqwkLcPNnmU4OeJ6tUrWhDw=="
    },
    "styled-jsx": {
      "version": "5.0.7",
      "resolved": "https://registry.npmjs.org/styled-jsx/-/styled-jsx-5.0.7.tgz",
      "integrity": "sha512-b3sUzamS086YLRuvnaDigdAewz1/EFYlHpYBP5mZovKEdQQOIIYq8lApylub3HHZ6xFjV051kkGU7cudJmrXEA==",
      "requires": {}
    },
    "tapable": {
      "version": "2.2.1",
      "resolved": "https://registry.npmjs.org/tapable/-/tapable-2.2.1.tgz",
      "integrity": "sha512-GNzQvQTOIP6RyTfE2Qxb8ZVlNmw0n88vp1szwWRimP02mnTsx3Wtn5qRdqY9w2XduFNUgvOwhNnQsjwCp+kqaQ=="
    },
    "tiny-invariant": {
      "version": "1.1.0",
      "resolved": "https://registry.npmjs.org/tiny-invariant/-/tiny-invariant-1.1.0.tgz",
      "integrity": "sha512-ytxQvrb1cPc9WBEI/HSeYYoGD0kWnGEOR8RY6KomWLBVhqz0RgTwVO9dLrGz7dC+nN9llyI7OKAgRq8Vq4ZBSw=="
    },
    "tslib": {
      "version": "2.4.1",
      "resolved": "https://registry.npmjs.org/tslib/-/tslib-2.4.1.tgz",
      "integrity": "sha512-tGyy4dAjRIEwI7BzsB0lynWgOpfqjUdq91XXAlIWD2OwKBH7oCl/GZG/HT4BOHrTlPMOASlMQ7veyTqpmRcrNA=="
    },
    "typescript": {
      "version": "4.3.2",
      "resolved": "https://registry.npmjs.org/typescript/-/typescript-4.3.2.tgz",
      "integrity": "sha512-zZ4hShnmnoVnAHpVHWpTcxdv7dWP60S2FsydQLV8V5PbS3FifjWFFRiHSWpDJahly88PRyV5teTSLoq4eG7mKw==",
      "dev": true
    },
    "use-memo-one": {
      "version": "1.1.3",
      "resolved": "https://registry.npmjs.org/use-memo-one/-/use-memo-one-1.1.3.tgz",
      "integrity": "sha512-g66/K7ZQGYrI6dy8GLpVcMsBp4s17xNkYJVSMvTEevGy3nDxHOfE6z8BVE22+5G5x7t3+bhzrlTDB7ObrEE0cQ==",
      "requires": {}
    },
    "use-sync-external-store": {
      "version": "1.2.0",
      "resolved": "https://registry.npmjs.org/use-sync-external-store/-/use-sync-external-store-1.2.0.tgz",
      "integrity": "sha512-eEgnFxGQ1Ife9bzYs6VLi8/4X6CObHMw9Qr9tPY43iKwsPw8xE8+EFsf/2cFZ5S3esXgpWgtSCtLNS41F+sKPA==",
      "requires": {}
    }
  }
}
